
Microsoft Visual Studio Solution File, Format Version 12.00
# Visual Studio Version 16
VisualStudioVersion = 16.0.32228.343
MinimumVisualStudioVersion = 10.0.40219.1
Project("{FAE04EC0-301F-11D3-BF4B-00C04F79EFBC}") = "2022 hantane randevu", "2022 hantane randevu\2022 hantane randevu.csproj", "{647BD005-9DFE-4AB9-B9CE-B01237FC2CA7}"
EndProject
Project("{FAE04EC0-301F-11D3-BF4B-00C04F79EFBC}") = "Siniflarim", "Siniflarim\Siniflarim.csproj", "{BA8618BC-FE97-45EA-975D-761B02A06EC0}"
EndProject
Project("{FAE04EC0-301F-11D3-BF4B-00C04F79EFBC}") = "Veritabanii", "Veritabanii\Veritabanii.csproj", "{2DC8432D-DB06-4CF7-AA94-724F9495FD4C}"
EndProject
Global
	GlobalSection(SolutionConfigurationPlatforms) = preSolution
		Debug|Any CPU = Debug|Any CPU
		Release|Any CPU = Release|Any CPU
	EndGlobalSection
	GlobalSection(ProjectConfigurationPlatforms) = postSolution
		{647BD005-9DFE-4AB9-B9CE-B01237FC2CA7}.Debug|Any CPU.ActiveCfg = Debug|Any CPU
		{647BD005-9DFE-4AB9-B9CE-B01237FC2CA7}.Debug|Any CPU.Build.0 = Debug|Any CPU
		{647BD005-9DFE-4AB9-B9CE-B01237FC2CA7}.Release|Any CPU.ActiveCfg = Release|Any CPU
		{647BD005-9DFE-4AB9-B9CE-B01237FC2CA7}.Release|Any CPU.Build.0 = Release|Any CPU
		{BA8618BC-FE97-45EA-975D-761B02A06EC0}.Debug|Any CPU.ActiveCfg = Debug|Any CPU
		{BA8618BC-FE97-45EA-975D-761B02A06EC0}.Debug|Any CPU.Build.0 = Debug|Any CPU
		{BA8618BC-FE97-45EA-975D-761B02A06EC0}.Release|Any CPU.ActiveCfg = Release|Any CPU
		{BA8618BC-FE97-45EA-975D-761B02A06EC0}.Release|Any CPU.Build.0 = Release|Any CPU
		{2DC8432D-DB06-4CF7-AA94-724F9495FD4C}.Debug|Any CPU.ActiveCfg = Debug|Any CPU
		{2DC8432D-DB06-4CF7-AA94-724F9495FD4C}.Debug|Any CPU.Build.0 = Debug|Any CPU
		{2DC8432D-DB06-4CF7-AA94-724F9495FD4C}.Release|Any CPU.ActiveCfg = Release|Any CPU
		{2DC8432D-DB06-4CF7-AA94-724F9495FD4C}.Release|Any CPU.Build.0 = Release|Any CPU
	EndGlobalSection
	GlobalSection(SolutionProperties) = preSolution
		HideSolutionNode = FALSE
	EndGlobalSection
	GlobalSection(ExtensibilityGlobals) = postSolution
		SolutionGuid = {D734CEC1-9220-4018-A4A1-776A2471AD18}
	EndGlobalSection
EndGlobal
